// !$*UTF8*$!
{
	archiveVersion = 1;
	classes = {
	};
	objectVersion = 46;
	objects = {

/* Begin PBXBuildFile section */
		095FFB55BB74F8187E517E20 /* Pods_eLock.framework in Frameworks */ = {isa = PBXBuildFile; fileRef = 646347D74C94866A08036A1E /* Pods_eLock.framework */; };
		72F57FCE1E380E9600300B09 /* AppDelegate.swift in Sources */ = {isa = PBXBuildFile; fileRef = 72F57FCD1E380E9600300B09 /* AppDelegate.swift */; };
		72F57FD01E380E9600300B09 /* ViewController.swift in Sources */ = {isa = PBXBuildFile; fileRef = 72F57FCF1E380E9600300B09 /* ViewController.swift */; };
		72F57FD31E380E9600300B09 /* Main.storyboard in Resources */ = {isa = PBXBuildFile; fileRef = 72F57FD11E380E9600300B09 /* Main.storyboard */; };
		72F57FD61E380E9600300B09 /* eLock.xcdatamodeld in Sources */ = {isa = PBXBuildFile; fileRef = 72F57FD41E380E9600300B09 /* eLock.xcdatamodeld */; };
		72F57FD81E380E9600300B09 /* Assets.xcassets in Resources */ = {isa = PBXBuildFile; fileRef = 72F57FD71E380E9600300B09 /* Assets.xcassets */; };
		72F57FDB1E380E9600300B09 /* LaunchScreen.storyboard in Resources */ = {isa = PBXBuildFile; fileRef = 72F57FD91E380E9600300B09 /* LaunchScreen.storyboard */; };
/* End PBXBuildFile section */

/* Begin PBXFileReference section */
		646347D74C94866A08036A1E /* Pods_eLock.framework */ = {isa = PBXFileReference; explicitFileType = wrapper.framework; includeInIndex = 0; path = Pods_eLock.framework; sourceTree = BUILT_PRODUCTS_DIR; };
		72950DE51E38C24F00F94134 /* eLock-Bridging-Header.h */ = {isa = PBXFileReference; lastKnownFileType = sourcecode.c.h; path = "eLock-Bridging-Header.h"; sourceTree = "<group>"; };
		72F57FCA1E380E9600300B09 /* eLock.app */ = {isa = PBXFileReference; explicitFileType = wrapper.application; includeInIndex = 0; path = eLock.app; sourceTree = BUILT_PRODUCTS_DIR; };
		72F57FCD1E380E9600300B09 /* AppDelegate.swift */ = {isa = PBXFileReference; lastKnownFileType = sourcecode.swift; path = AppDelegate.swift; sourceTree = "<group>"; };
		72F57FCF1E380E9600300B09 /* ViewController.swift */ = {isa = PBXFileReference; lastKnownFileType = sourcecode.swift; path = ViewController.swift; sourceTree = "<group>"; };
		72F57FD21E380E9600300B09 /* Base */ = {isa = PBXFileReference; lastKnownFileType = file.storyboard; name = Base; path = Base.lproj/Main.storyboard; sourceTree = "<group>"; };
		72F57FD51E380E9600300B09 /* eLock.xcdatamodel */ = {isa = PBXFileReference; lastKnownFileType = wrapper.xcdatamodel; path = eLock.xcdatamodel; sourceTree = "<group>"; };
		72F57FD71E380E9600300B09 /* Assets.xcassets */ = {isa = PBXFileReference; lastKnownFileType = folder.assetcatalog; path = Assets.xcassets; sourceTree = "<group>"; };
		72F57FDA1E380E9600300B09 /* Base */ = {isa = PBXFileReference; lastKnownFileType = file.storyboard; name = Base; path = Base.lproj/LaunchScreen.storyboard; sourceTree = "<group>"; };
		72F57FDC1E380E9600300B09 /* Info.plist */ = {isa = PBXFileReference; lastKnownFileType = text.plist.xml; path = Info.plist; sourceTree = "<group>"; };
		B3F41EE97747F7DE14071A2A /* Pods-eLock.release.xcconfig */ = {isa = PBXFileReference; includeInIndex = 1; lastKnownFileType = text.xcconfig; name = "Pods-eLock.release.xcconfig"; path = "Pods/Target Support Files/Pods-eLock/Pods-eLock.release.xcconfig"; sourceTree = "<group>"; };
		C10C43691AC6EDB80FCE18C4 /* Pods-eLock.debug.xcconfig */ = {isa = PBXFileReference; includeInIndex = 1; lastKnownFileType = text.xcconfig; name = "Pods-eLock.debug.xcconfig"; path = "Pods/Target Support Files/Pods-eLock/Pods-eLock.debug.xcconfig"; sourceTree = "<group>"; };
/* End PBXFileReference section */

/* Begin PBXFrameworksBuildPhase section */
		72F57FC71E380E9400300B09 /* Frameworks */ = {
			isa = PBXFrameworksBuildPhase;
			buildActionMask = 2147483647;
			files = (
				095FFB55BB74F8187E517E20 /* Pods_eLock.framework in Frameworks */,
			);
			runOnlyForDeploymentPostprocessing = 0;
		};
/* End PBXFrameworksBuildPhase section */

/* Begin PBXGroup section */
		050428CD7B9B72613B26F4C9 /* Frameworks */ = {
			isa = PBXGroup;
			children = (
				646347D74C94866A08036A1E /* Pods_eLock.framework */,
			);
			name = Frameworks;
			sourceTree = "<group>";
		};
		5E67BDE8384519EF410853BF /* Pods */ = {
			isa = PBXGroup;
			children = (
				C10C43691AC6EDB80FCE18C4 /* Pods-eLock.debug.xcconfig */,
				B3F41EE97747F7DE14071A2A /* Pods-eLock.release.xcconfig */,
			);
			name = Pods;
			sourceTree = "<group>";
		};
		72F57FC11E380E9400300B09 = {
			isa = PBXGroup;
			children = (
				72F57FCC1E380E9600300B09 /* eLock */,
				72F57FCB1E380E9600300B09 /* Products */,
				5E67BDE8384519EF410853BF /* Pods */,
				050428CD7B9B72613B26F4C9 /* Frameworks */,
			);
			sourceTree = "<group>";
		};
		72F57FCB1E380E9600300B09 /* Products */ = {
			isa = PBXGroup;
			children = (
				72F57FCA1E380E9600300B09 /* eLock.app */,
			);
			name = Products;
			sourceTree = "<group>";
		};
		72F57FCC1E380E9600300B09 /* eLock */ = {
			isa = PBXGroup;
			children = (
				72950DE51E38C24F00F94134 /* eLock-Bridging-Header.h */,
				72F57FCD1E380E9600300B09 /* AppDelegate.swift */,
				72F57FCF1E380E9600300B09 /* ViewController.swift */,
				72F57FD11E380E9600300B09 /* Main.storyboard */,
				72F57FD71E380E9600300B09 /* Assets.xcassets */,
				72F57FD91E380E9600300B09 /* LaunchScreen.storyboard */,
				72F57FDC1E380E9600300B09 /* Info.plist */,
				72F57FD41E380E9600300B09 /* eLock.xcdatamodeld */,
			);
			path = eLock;
			sourceTree = "<group>";
		};
/* End PBXGroup section */

/* Begin PBXNativeTarget section */
		72F57FC91E380E9400300B09 /* eLock */ = {
			isa = PBXNativeTarget;
			buildConfigurationList = 72F57FDF1E380E9600300B09 /* Build configuration list for PBXNativeTarget "eLock" */;
			buildPhases = (
				505D3916D68B3D6474744D10 /* [CP] Check Pods Manifest.lock */,
				72F57FC61E380E9400300B09 /* Sources */,
				72F57FC71E380E9400300B09 /* Frameworks */,
				72F57FC81E380E9400300B09 /* Resources */,
				E12C2D20EA0C9EC2DC19CB1D /* [CP] Embed Pods Frameworks */,
				B470B3DBFBEF21C20CA99F7B /* [CP] Copy Pods Resources */,
			);
			buildRules = (
			);
			dependencies = (
			);
			name = eLock;
			productName = eLock;
			productReference = 72F57FCA1E380E9600300B09 /* eLock.app */;
			productType = "com.apple.product-type.application";
		};
/* End PBXNativeTarget section */

/* Begin PBXProject section */
		72F57FC21E380E9400300B09 /* Project object */ = {
			isa = PBXProject;
			attributes = {
				LastSwiftUpdateCheck = 0820;
				LastUpgradeCheck = 0820;
				ORGANIZATIONNAME = "Tyler Phelps";
				TargetAttributes = {
					72F57FC91E380E9400300B09 = {
						CreatedOnToolsVersion = 8.2.1;
						DevelopmentTeam = 7M3EDY5XK9;
						ProvisioningStyle = Automatic;
					};
				};
			};
			buildConfigurationList = 72F57FC51E380E9400300B09 /* Build configuration list for PBXProject "eLock" */;
			compatibilityVersion = "Xcode 3.2";
			developmentRegion = English;
			hasScannedForEncodings = 0;
			knownRegions = (
				en,
				Base,
			);
			mainGroup = 72F57FC11E380E9400300B09;
			productRefGroup = 72F57FCB1E380E9600300B09 /* Products */;
			projectDirPath = "";
			projectRoot = "";
			targets = (
				72F57FC91E380E9400300B09 /* eLock */,
			);
		};
/* End PBXProject section */

/* Begin PBXResourcesBuildPhase section */
		72F57FC81E380E9400300B09 /* Resources */ = {
			isa = PBXResourcesBuildPhase;
			buildActionMask = 2147483647;
			files = (
				72F57FDB1E380E9600300B09 /* LaunchScreen.storyboard in Resources */,
				72F57FD81E380E9600300B09 /* Assets.xcassets in Resources */,
				72F57FD31E380E9600300B09 /* Main.storyboard in Resources */,
			);
			runOnlyForDeploymentPostprocessing = 0;
		};
/* End PBXResourcesBuildPhase section */

/* Begin PBXShellScriptBuildPhase section */
		505D3916D68B3D6474744D10 /* [CP] Check Pods Manifest.lock */ = {
			isa = PBXShellScriptBuildPhase;
			buildActionMask = 2147483647;
			files = (
			);
			inputPaths = (
			);
			name = "[CP] Check Pods Manifest.lock";
			outputPaths = (
			);
			runOnlyForDeploymentPostprocessing = 0;
			shellPath = /bin/sh;
			shellScript = "diff \"${PODS_ROOT}/../Podfile.lock\" \"${PODS_ROOT}/Manifest.lock\" > /dev/null\nif [ $? != 0 ] ; then\n    # print error to STDERR\n    echo \"error: The sandbox is not in sync with the Podfile.lock. Run 'pod install' or update your CocoaPods installation.\" >&2\n    exit 1\nfi\n";
			showEnvVarsInLog = 0;
		};
		B470B3DBFBEF21C20CA99F7B /* [CP] Copy Pods Resources */ = {
			isa = PBXShellScriptBuildPhase;
			buildActionMask = 2147483647;
			files = (
			);
			inputPaths = (
			);
			name = "[CP] Copy Pods Resources";
			outputPaths = (
			);
			runOnlyForDeploymentPostprocessing = 0;
			shellPath = /bin/sh;
			shellScript = "\"${SRCROOT}/Pods/Target Support Files/Pods-eLock/Pods-eLock-resources.sh\"\n";
			showEnvVarsInLog = 0;
		};
		E12C2D20EA0C9EC2DC19CB1D /* [CP] Embed Pods Frameworks */ = {
			isa = PBXShellScriptBuildPhase;
			buildActionMask = 2147483647;
			files = (
			);
			inputPaths = (
			);
			name = "[CP] Embed Pods Frameworks";
			outputPaths = (
			);
			runOnlyForDeploymentPostprocessing = 0;
			shellPath = /bin/sh;
			shellScript = "\"${SRCROOT}/Pods/Target Support Files/Pods-eLock/Pods-eLock-frameworks.sh\"\n";
			showEnvVarsInLog = 0;
		};
/* End PBXShellScriptBuildPhase section */

/* Begin PBXSourcesBuildPhase section */
		72F57FC61E380E9400300B09 /* Sources */ = {
			isa = PBXSourcesBuildPhase;
			buildActionMask = 2147483647;
			files = (
				72F57FD61E380E9600300B09 /* eLock.xcdatamodeld in Sources */,
				72F57FD01E380E9600300B09 /* ViewController.swift in Sources */,
				72F57FCE1E380E9600300B09 /* AppDelegate.swift in Sources */,
			);
			runOnlyForDeploymentPostprocessing = 0;
		};
/* End PBXSourcesBuildPhase section */

/* Begin PBXVariantGroup section */
		72F57FD11E380E9600300B09 /* Main.storyboard */ = {
			isa = PBXVariantGroup;
			children = (
				72F57FD21E380E9600300B09 /* Base */,
			);
			name = Main.storyboard;
			sourceTree = "<group>";
		};
		72F57FD91E380E9600300B09 /* LaunchScreen.storyboard */ = {
			isa = PBXVariantGroup;
			children = (
				72F57FDA1E380E9600300B09 /* Base */,
			);
			name = LaunchScreen.storyboard;
			sourceTree = "<group>";
		};
/* End PBXVariantGroup section */

/* Begin XCBuildConfiguration section */
		72F57FDD1E380E9600300B09 /* Debug */ = {
			isa = XCBuildConfiguration;
			buildSettings = {
				ALWAYS_SEARCH_USER_PATHS = NO;
				CLANG_ANALYZER_NONNULL = YES;
				CLANG_CXX_LANGUAGE_STANDARD = "gnu++0x";
				CLANG_CXX_LIBRARY = "libc++";
				CLANG_ENABLE_MODULES = YES;
				CLANG_ENABLE_OBJC_ARC = YES;
				CLANG_WARN_BOOL_CONVERSION = YES;
				CLANG_WARN_CONSTANT_CONVERSION = YES;
				CLANG_WARN_DIRECT_OBJC_ISA_USAGE = YES_ERROR;
				CLANG_WARN_DOCUMENTATION_COMMENTS = YES;
				CLANG_WARN_EMPTY_BODY = YES;
				CLANG_WARN_ENUM_CONVERSION = YES;
				CLANG_WARN_INFINITE_RECURSION = YES;
				CLANG_WARN_INT_CONVERSION = YES;
				CLANG_WARN_OBJC_ROOT_CLASS = YES_ERROR;
				CLANG_WARN_SUSPICIOUS_MOVE = YES;
				CLANG_WARN_UNREACHABLE_CODE = YES;
				CLANG_WARN__DUPLICATE_METHOD_MATCH = YES;
				"CODE_SIGN_IDENTITY[sdk=iphoneos*]" = "iPhone Developer";
				COPY_PHASE_STRIP = NO;
				DEBUG_INFORMATION_FORMAT = dwarf;
				ENABLE_STRICT_OBJC_MSGSEND = YES;
				ENABLE_TESTABILITY = YES;
				GCC_C_LANGUAGE_STANDARD = gnu99;
				GCC_DYNAMIC_NO_PIC = NO;
				GCC_NO_COMMON_BLOCKS = YES;
				GCC_OPTIMIZATION_LEVEL = 0;
				GCC_PREPROCESSOR_DEFINITIONS = (
					"DEBUG=1",
					"$(inherited)",
				);
				GCC_WARN_64_TO_32_BIT_CONVERSION = YES;
				GCC_WARN_ABOUT_RETURN_TYPE = YES_ERROR;
				GCC_WARN_UNDECLARED_SELECTOR = YES;
				GCC_WARN_UNINITIALIZED_AUTOS = YES_AGGRESSIVE;
				GCC_WARN_UNUSED_FUNCTION = YES;
				GCC_WARN_UNUSED_VARIABLE = YES;
				IPHONEOS_DEPLOYMENT_TARGET = 10.2;
				MTL_ENABLE_DEBUG_INFO = YES;
				ONLY_ACTIVE_ARCH = YES;
				SDKROOT = iphoneos;
				SWIFT_ACTIVE_COMPILATION_CONDITIONS = DEBUG;
				SWIFT_OPTIMIZATION_LEVEL = "-Onone";
				TARGETED_DEVICE_FAMILY = "1,2";
			};
			name = Debug;
		};
		72F57FDE1E380E9600300B09 /* Release */ = {
			isa = XCBuildConfiguration;
			buildSettings = {
				ALWAYS_SEARCH_USER_PATHS = NO;
				CLANG_ANALYZER_NONNULL = YES;
				CLANG_CXX_LANGUAGE_STANDARD = "gnu++0x";
				CLANG_CXX_LIBRARY = "libc++";
				CLANG_ENABLE_MODULES = YES;
				CLANG_ENABLE_OBJC_ARC = YES;
				CLANG_WARN_BOOL_CONVERSION = YES;
				CLANG_WARN_CONSTANT_CONVERSION = YES;
				CLANG_WARN_DIRECT_OBJC_ISA_USAGE = YES_ERROR;
				CLANG_WARN_DOCUMENTATION_COMMENTS = YES;
				CLANG_WARN_EMPTY_BODY = YES;
				CLANG_WARN_ENUM_CONVERSION = YES;
				CLANG_WARN_INFINITE_RECURSION = YES;
				CLANG_WARN_INT_CONVERSION = YES;
				CLANG_WARN_OBJC_ROOT_CLASS = YES_ERROR;
				CLANG_WARN_SUSPICIOUS_MOVE = YES;
				CLANG_WARN_UNREACHABLE_CODE = YES;
				CLANG_WARN__DUPLICATE_METHOD_MATCH = YES;
				"CODE_SIGN_IDENTITY[sdk=iphoneos*]" = "iPhone Developer";
				COPY_PHASE_STRIP = NO;
				DEBUG_INFORMATION_FORMAT = "dwarf-with-dsym";
				ENABLE_NS_ASSERTIONS = NO;
				ENABLE_STRICT_OBJC_MSGSEND = YES;
				GCC_C_LANGUAGE_STANDARD = gnu99;
				GCC_NO_COMMON_BLOCKS = YES;
				GCC_WARN_64_TO_32_BIT_CONVERSION = YES;
				GCC_WARN_ABOUT_RETURN_TYPE = YES_ERROR;
				GCC_WARN_UNDECLARED_SELECTOR = YES;
				GCC_WARN_UNINITIALIZED_AUTOS = YES_AGGRESSIVE;
				GCC_WARN_UNUSED_FUNCTION = YES;
				GCC_WARN_UNUSED_VARIABLE = YES;
				IPHONEOS_DEPLOYMENT_TARGET = 10.2;
				MTL_ENABLE_DEBUG_INFO = NO;
				SDKROOT = iphoneos;
				SWIFT_OPTIMIZATION_LEVEL = "-Owholemodule";
				TARGETED_DEVICE_FAMILY = "1,2";
				VALIDATE_PRODUCT = YES;
			};
			name = Release;
		};
		72F57FE01E380E9600300B09 /* Debug */ = {
			isa = XCBuildConfiguration;
			baseConfigurationReference = C10C43691AC6EDB80FCE18C4 /* Pods-eLock.debug.xcconfig */;
			buildSettings = {
				ASSETCATALOG_COMPILER_APPICON_NAME = AppIcon;
				DEVELOPMENT_TEAM = 7M3EDY5XK9;
				INFOPLIST_FILE = eLock/Info.plist;
				LD_RUNPATH_SEARCH_PATHS = "$(inherited) @executable_path/Frameworks";
				PRODUCT_BUNDLE_IDENTIFIER = com.elock.tylerphelps.eLock;
				PRODUCT_NAME = "$(TARGET_NAME)";
				SWIFT_VERSION = 3.0;
			};
			name = Debug;
		};
		72F57FE11E380E9600300B09 /* Release */ = {
			isa = XCBuildConfiguration;
			baseConfigurationReference = B3F41EE97747F7DE14071A2A /* Pods-eLock.release.xcconfig */;
			buildSettings = {
				ASSETCATALOG_COMPILER_APPICON_NAME = AppIcon;
				DEVELOPMENT_TEAM = 7M3EDY5XK9;
				INFOPLIST_FILE = eLock/Info.plist;
				LD_RUNPATH_SEARCH_PATHS = "$(inherited) @executable_path/Frameworks";
				PRODUCT_BUNDLE_IDENTIFIER = com.elock.tylerphelps.eLock;
				PRODUCT_NAME = "$(TARGET_NAME)";
				SWIFT_VERSION = 3.0;
			};
			name = Release;
		};
/* End XCBuildConfiguration section */

/* Begin XCConfigurationList section */
		72F57FC51E380E9400300B09 /* Build configuration list for PBXProject "eLock" */ = {
			isa = XCConfigurationList;
			buildConfigurations = (
				72F57FDD1E380E9600300B09 /* Debug */,
				72F57FDE1E380E9600300B09 /* Release */,
			);
			defaultConfigurationIsVisible = 0;
			defaultConfigurationName = Release;
		};
		72F57FDF1E380E9600300B09 /* Build configuration list for PBXNativeTarget "eLock" */ = {
			isa = XCConfigurationList;
			buildConfigurations = (
				72F57FE01E380E9600300B09 /* Debug */,
				72F57FE11E380E9600300B09 /* Release */,
			);
			defaultConfigurationIsVisible = 0;
			defaultConfigurationName = Release;
		};
/* End XCConfigurationList section */

/* Begin XCVersionGroup section */
		72F57FD41E380E9600300B09 /* eLock.xcdatamodeld */ = {
			isa = XCVersionGroup;
			children = (
				72F57FD51E380E9600300B09 /* eLock.xcdatamodel */,
			);
			currentVersion = 72F57FD51E380E9600300B09 /* eLock.xcdatamodel */;
			path = eLock.xcdatamodeld;
			sourceTree = "<group>";
			versionGroupType = wrapper.xcdatamodel;
		};
/* End XCVersionGroup section */
	};
	rootObject = 72F57FC21E380E9400300B09 /* Project object */;
}
